<Solution>
  <Folder Name="/src/">
    <Project Path="src/ClaudeUsageMonitor.App/ClaudeUsageMonitor.App.csproj" />
    <Project Path="src/ClaudeUsageMonitor.Core/ClaudeUsageMonitor.Core.csproj" />
    <Project Path="src/ClaudeUsageMonitor.Installer/ClaudeUsageMonitor.Installer.csproj" />
    <Project Path="src/ClaudeUsageMonitor.UpdateUi/ClaudeUsageMonitor.UpdateUi.csproj" />
  </Folder>
  <Folder Name="/tests/">
    <Project Path="tests/ClaudeUsageMonitor.Core.Tests/ClaudeUsageMonitor.Core.Tests.csproj" />
    <Project Path="tests/ClaudeUsageMonitor.Installer.Tests/ClaudeUsageMonitor.Installer.Tests.csproj" />
  </Folder>
</Solution>
